Microsoft Visual Studio Solution File, Format Version 12.00
# Visual Studio Version 17
VisualStudioVersion = 17.5.33516.290
MinimumVisualStudioVersion = 10.0.40219.1
Project("{2150E333-8FDC-42A3-9474-1A3956D46DE8}") = "BlueM.Opt.Algos", "BlueM.Opt.Algos", "{44D440EE-4641-44A1-B177-2DD0FDD6FB75}"
EndProject
Project("{F184B08F-C81C-45F6-A57F-5ABD9991F28F}") = "BlueM.Opt", "BlueM.Opt\Main\BlueM.Opt.vbproj", "{FF1D5494-1205-4F3E-BD65-ADB8C6BD04D4}"
EndProject
Project("{F184B08F-C81C-45F6-A57F-5ABD9991F28F}") = "BlueM.Opt.Common", "BlueM.Opt\Common\BlueM.Opt.Common.vbproj", "{CAA1CE91-0973-4BE7-9BD8-16B5D40BC93C}"
EndProject
Project("{F184B08F-C81C-45F6-A57F-5ABD9991F28F}") = "BlueM.Opt.Diagramm", "BlueM.Opt\Diagramm\BlueM.Opt.Diagramm.vbproj", "{4382061B-F0DF-4D7D-9A09-306C940D19A5}"
EndProject
Project("{F184B08F-C81C-45F6-A57F-5ABD9991F28F}") = "BlueM.Opt.OptResult", "BlueM.Opt\OptResult\BlueM.Opt.OptResult.vbproj", "{A7B7B98D-94BE-47DB-954F-BBA2C1F53663}"
EndProject
Project("{F184B08F-C81C-45F6-A57F-5ABD9991F28F}") = "BlueM.Opt.Apps", "BlueM.Opt\Apps\BlueM.Opt.Apps.vbproj", "{2DCFE99E-CBFE-4CCC-93E7-A6D628B16DEC}"
EndProject
Project("{FAE04EC0-301F-11D3-BF4B-00C04F79EFBC}") = "BlueM.Opt.MO_Indicators", "BlueM.Opt\MO_Indicators\MO_Indicators\BlueM.Opt.MO_Indicators.csproj", "{A56DFA12-8680-4C7A-B6BB-406D4D3FE156}"
EndProject
Project("{FAE04EC0-301F-11D3-BF4B-00C04F79EFBC}") = "DDS", "BlueM.Opt\Algos\DDS\DDS.csproj", "{9FA5A4C7-3AA9-420C-9F01-9F1683E36A79}"
EndProject
Project("{F184B08F-C81C-45F6-A57F-5ABD9991F28F}") = "ES", "BlueM.Opt\Algos\ES\ES.vbproj", "{58356A07-425E-4C91-ACB8-17B9286C9417}"
EndProject
Project("{F184B08F-C81C-45F6-A57F-5ABD9991F28F}") = "HookeAndJeeves", "BlueM.Opt\Algos\HookeAndJeeves\HookeAndJeeves.vbproj", "{23224EFA-343B-4C13-AE6E-5D1D8A03007D}"
EndProject
Project("{F184B08F-C81C-45F6-A57F-5ABD9991F28F}") = "IController", "BlueM.Opt\Algos\IController\IController.vbproj", "{1DBD183A-A900-4841-88FE-6258FD472C60}"
EndProject
Project("{FAE04EC0-301F-11D3-BF4B-00C04F79EFBC}") = "MetaEvo", "BlueM.Opt\Algos\MetaEvo\MetaEvo.csproj", "{85403900-E545-4122-B1A0-8C30AE0D0F3C}"
EndProject
Project("{F184B08F-C81C-45F6-A57F-5ABD9991F28F}") = "SensiPlot", "BlueM.Opt\Algos\SensiPlot\SensiPlot.vbproj", "{A9272445-616D-4B4F-ACFF-DE6F5591AF63}"
EndProject
Project("{F184B08F-C81C-45F6-A57F-5ABD9991F28F}") = "TSP", "BlueM.Opt\Algos\TSP\TSP.vbproj", "{6FCD5583-4A2A-4298-8A48-D46FAEFC5D7C}"
EndProject
Project("{F184B08F-C81C-45F6-A57F-5ABD9991F28F}") = "Wave", "BlueM.Wave\source\Wave.vbproj", "{CE4132A2-2E2F-4F54-B66D-1BAA928D499E}"
EndProject
Project("{F184B08F-C81C-45F6-A57F-5ABD9991F28F}") = "SensiPlot_ParameterSampling", "BlueM.Opt\Tests\SensiPlot_ParameterSampling\SensiPlot_ParameterSampling.vbproj", "{2BC34399-890A-4C37-85A4-3F8D633835B9}"
EndProject
Project("{2150E333-8FDC-42A3-9474-1A3956D46DE8}") = "BlueM.Opt.Tests", "BlueM.Opt.Tests", "{2846C8D3-E679-4D5C-95B4-4CF3E4BF7122}"
EndProject
Project("{F184B08F-C81C-45F6-A57F-5ABD9991F28F}") = "BlueM.Opt.Tests", "BlueM.Opt\Tests\BlueM.Opt.Tests\BlueM.Opt.Tests.vbproj", "{69B4CC2F-9BBB-DE40-7F29-C0F416AF0222}"
EndProject
Global
	GlobalSection(SolutionConfigurationPlatforms) = preSolution
		Debug|x64 = Debug|x64
		Debug|x86 = Debug|x86
		Release|x64 = Release|x64
		Release|x86 = Release|x86
	EndGlobalSection
	GlobalSection(ProjectConfigurationPlatforms) = postSolution
		{FF1D5494-1205-4F3E-BD65-ADB8C6BD04D4}.Debug|x64.ActiveCfg = Debug|x64
		{FF1D5494-1205-4F3E-BD65-ADB8C6BD04D4}.Debug|x64.Build.0 = Debug|x64
		{FF1D5494-1205-4F3E-BD65-ADB8C6BD04D4}.Debug|x86.ActiveCfg = Debug|x86
		{FF1D5494-1205-4F3E-BD65-ADB8C6BD04D4}.Debug|x86.Build.0 = Debug|x86
		{FF1D5494-1205-4F3E-BD65-ADB8C6BD04D4}.Release|x64.ActiveCfg = Release|x64
		{FF1D5494-1205-4F3E-BD65-ADB8C6BD04D4}.Release|x64.Build.0 = Release|x64
		{FF1D5494-1205-4F3E-BD65-ADB8C6BD04D4}.Release|x86.ActiveCfg = Release|x86
		{FF1D5494-1205-4F3E-BD65-ADB8C6BD04D4}.Release|x86.Build.0 = Release|x86
		{CAA1CE91-0973-4BE7-9BD8-16B5D40BC93C}.Debug|x64.ActiveCfg = Debug|x64
		{CAA1CE91-0973-4BE7-9BD8-16B5D40BC93C}.Debug|x64.Build.0 = Debug|x64
		{CAA1CE91-0973-4BE7-9BD8-16B5D40BC93C}.Debug|x86.ActiveCfg = Debug|x86
		{CAA1CE91-0973-4BE7-9BD8-16B5D40BC93C}.Debug|x86.Build.0 = Debug|x86
		{CAA1CE91-0973-4BE7-9BD8-16B5D40BC93C}.Release|x64.ActiveCfg = Release|x64
		{CAA1CE91-0973-4BE7-9BD8-16B5D40BC93C}.Release|x64.Build.0 = Release|x64
		{CAA1CE91-0973-4BE7-9BD8-16B5D40BC93C}.Release|x86.ActiveCfg = Release|x86
		{CAA1CE91-0973-4BE7-9BD8-16B5D40BC93C}.Release|x86.Build.0 = Release|x86
		{4382061B-F0DF-4D7D-9A09-306C940D19A5}.Debug|x64.ActiveCfg = Debug|x64
		{4382061B-F0DF-4D7D-9A09-306C940D19A5}.Debug|x64.Build.0 = Debug|x64
		{4382061B-F0DF-4D7D-9A09-306C940D19A5}.Debug|x86.ActiveCfg = Debug|x86
		{4382061B-F0DF-4D7D-9A09-306C940D19A5}.Debug|x86.Build.0 = Debug|x86
		{4382061B-F0DF-4D7D-9A09-306C940D19A5}.Release|x64.ActiveCfg = Release|x64
		{4382061B-F0DF-4D7D-9A09-306C940D19A5}.Release|x64.Build.0 = Release|x64
		{4382061B-F0DF-4D7D-9A09-306C940D19A5}.Release|x86.ActiveCfg = Release|x86
		{4382061B-F0DF-4D7D-9A09-306C940D19A5}.Release|x86.Build.0 = Release|x86
		{A7B7B98D-94BE-47DB-954F-BBA2C1F53663}.Debug|x64.ActiveCfg = Debug|x64
		{A7B7B98D-94BE-47DB-954F-BBA2C1F53663}.Debug|x64.Build.0 = Debug|x64
		{A7B7B98D-94BE-47DB-954F-BBA2C1F53663}.Debug|x86.ActiveCfg = Debug|x86
		{A7B7B98D-94BE-47DB-954F-BBA2C1F53663}.Debug|x86.Build.0 = Debug|x86
		{A7B7B98D-94BE-47DB-954F-BBA2C1F53663}.Release|x64.ActiveCfg = Release|x64
		{A7B7B98D-94BE-47DB-954F-BBA2C1F53663}.Release|x64.Build.0 = Release|x64
		{A7B7B98D-94BE-47DB-954F-BBA2C1F53663}.Release|x86.ActiveCfg = Release|x86
		{A7B7B98D-94BE-47DB-954F-BBA2C1F53663}.Release|x86.Build.0 = Release|x86
		{2DCFE99E-CBFE-4CCC-93E7-A6D628B16DEC}.Debug|x64.ActiveCfg = Debug|x64
		{2DCFE99E-CBFE-4CCC-93E7-A6D628B16DEC}.Debug|x64.Build.0 = Debug|x64
		{2DCFE99E-CBFE-4CCC-93E7-A6D628B16DEC}.Debug|x86.ActiveCfg = Debug|x86
		{2DCFE99E-CBFE-4CCC-93E7-A6D628B16DEC}.Debug|x86.Build.0 = Debug|x86
		{2DCFE99E-CBFE-4CCC-93E7-A6D628B16DEC}.Release|x64.ActiveCfg = Release|x64
		{2DCFE99E-CBFE-4CCC-93E7-A6D628B16DEC}.Release|x64.Build.0 = Release|x64
		{2DCFE99E-CBFE-4CCC-93E7-A6D628B16DEC}.Release|x86.ActiveCfg = Release|x86
		{2DCFE99E-CBFE-4CCC-93E7-A6D628B16DEC}.Release|x86.Build.0 = Release|x86
		{A56DFA12-8680-4C7A-B6BB-406D4D3FE156}.Debug|x64.ActiveCfg = Debug|x64
		{A56DFA12-8680-4C7A-B6BB-406D4D3FE156}.Debug|x64.Build.0 = Debug|x64
		{A56DFA12-8680-4C7A-B6BB-406D4D3FE156}.Debug|x86.ActiveCfg = Debug|x86
		{A56DFA12-8680-4C7A-B6BB-406D4D3FE156}.Debug|x86.Build.0 = Debug|x86
		{A56DFA12-8680-4C7A-B6BB-406D4D3FE156}.Release|x64.ActiveCfg = Release|x64
		{A56DFA12-8680-4C7A-B6BB-406D4D3FE156}.Release|x64.Build.0 = Release|x64
		{A56DFA12-8680-4C7A-B6BB-406D4D3FE156}.Release|x86.ActiveCfg = Release|x86
		{A56DFA12-8680-4C7A-B6BB-406D4D3FE156}.Release|x86.Build.0 = Release|x86
		{9FA5A4C7-3AA9-420C-9F01-9F1683E36A79}.Debug|x64.ActiveCfg = Debug|x64
		{9FA5A4C7-3AA9-420C-9F01-9F1683E36A79}.Debug|x64.Build.0 = Debug|x64
		{9FA5A4C7-3AA9-420C-9F01-9F1683E36A79}.Debug|x86.ActiveCfg = Debug|x86
		{9FA5A4C7-3AA9-420C-9F01-9F1683E36A79}.Debug|x86.Build.0 = Debug|x86
		{9FA5A4C7-3AA9-420C-9F01-9F1683E36A79}.Release|x64.ActiveCfg = Release|x64
		{9FA5A4C7-3AA9-420C-9F01-9F1683E36A79}.Release|x64.Build.0 = Release|x64
		{9FA5A4C7-3AA9-420C-9F01-9F1683E36A79}.Release|x86.ActiveCfg = Release|x86
		{9FA5A4C7-3AA9-420C-9F01-9F1683E36A79}.Release|x86.Build.0 = Release|x86
		{58356A07-425E-4C91-ACB8-17B9286C9417}.Debug|x64.ActiveCfg = Debug|x64
		{58356A07-425E-4C91-ACB8-17B9286C9417}.Debug|x64.Build.0 = Debug|x64
		{58356A07-425E-4C91-ACB8-17B9286C9417}.Debug|x86.ActiveCfg = Debug|x86
		{58356A07-425E-4C91-ACB8-17B9286C9417}.Debug|x86.Build.0 = Debug|x86
		{58356A07-425E-4C91-ACB8-17B9286C9417}.Release|x64.ActiveCfg = Release|x64
		{58356A07-425E-4C91-ACB8-17B9286C9417}.Release|x64.Build.0 = Release|x64
		{58356A07-425E-4C91-ACB8-17B9286C9417}.Release|x86.ActiveCfg = Release|x86
		{58356A07-425E-4C91-ACB8-17B9286C9417}.Release|x86.Build.0 = Release|x86
		{23224EFA-343B-4C13-AE6E-5D1D8A03007D}.Debug|x64.ActiveCfg = Debug|x64
		{23224EFA-343B-4C13-AE6E-5D1D8A03007D}.Debug|x64.Build.0 = Debug|x64
		{23224EFA-343B-4C13-AE6E-5D1D8A03007D}.Debug|x86.ActiveCfg = Debug|x86
		{23224EFA-343B-4C13-AE6E-5D1D8A03007D}.Debug|x86.Build.0 = Debug|x86
		{23224EFA-343B-4C13-AE6E-5D1D8A03007D}.Release|x64.ActiveCfg = Release|x64
		{23224EFA-343B-4C13-AE6E-5D1D8A03007D}.Release|x64.Build.0 = Release|x64
		{23224EFA-343B-4C13-AE6E-5D1D8A03007D}.Release|x86.ActiveCfg = Release|x86
		{23224EFA-343B-4C13-AE6E-5D1D8A03007D}.Release|x86.Build.0 = Release|x86
		{1DBD183A-A900-4841-88FE-6258FD472C60}.Debug|x64.ActiveCfg = Debug|x64
		{1DBD183A-A900-4841-88FE-6258FD472C60}.Debug|x64.Build.0 = Debug|x64
		{1DBD183A-A900-4841-88FE-6258FD472C60}.Debug|x86.ActiveCfg = Debug|x86
		{1DBD183A-A900-4841-88FE-6258FD472C60}.Debug|x86.Build.0 = Debug|x86
		{1DBD183A-A900-4841-88FE-6258FD472C60}.Release|x64.ActiveCfg = Release|x64
		{1DBD183A-A900-4841-88FE-6258FD472C60}.Release|x64.Build.0 = Release|x64
		{1DBD183A-A900-4841-88FE-6258FD472C60}.Release|x86.ActiveCfg = Release|x86
		{1DBD183A-A900-4841-88FE-6258FD472C60}.Release|x86.Build.0 = Release|x86
		{85403900-E545-4122-B1A0-8C30AE0D0F3C}.Debug|x64.ActiveCfg = Debug|x64
		{85403900-E545-4122-B1A0-8C30AE0D0F3C}.Debug|x64.Build.0 = Debug|x64
		{85403900-E545-4122-B1A0-8C30AE0D0F3C}.Debug|x86.ActiveCfg = Debug|x86
		{85403900-E545-4122-B1A0-8C30AE0D0F3C}.Debug|x86.Build.0 = Debug|x86
		{85403900-E545-4122-B1A0-8C30AE0D0F3C}.Release|x64.ActiveCfg = Release|x64
		{85403900-E545-4122-B1A0-8C30AE0D0F3C}.Release|x64.Build.0 = Release|x64
		{85403900-E545-4122-B1A0-8C30AE0D0F3C}.Release|x86.ActiveCfg = Release|x86
		{85403900-E545-4122-B1A0-8C30AE0D0F3C}.Release|x86.Build.0 = Release|x86
		{A9272445-616D-4B4F-ACFF-DE6F5591AF63}.Debug|x64.ActiveCfg = Debug|x64
		{A9272445-616D-4B4F-ACFF-DE6F5591AF63}.Debug|x64.Build.0 = Debug|x64
		{A9272445-616D-4B4F-ACFF-DE6F5591AF63}.Debug|x86.ActiveCfg = Debug|x86
		{A9272445-616D-4B4F-ACFF-DE6F5591AF63}.Debug|x86.Build.0 = Debug|x86
		{A9272445-616D-4B4F-ACFF-DE6F5591AF63}.Release|x64.ActiveCfg = Release|x64
		{A9272445-616D-4B4F-ACFF-DE6F5591AF63}.Release|x64.Build.0 = Release|x64
		{A9272445-616D-4B4F-ACFF-DE6F5591AF63}.Release|x86.ActiveCfg = Release|x86
		{A9272445-616D-4B4F-ACFF-DE6F5591AF63}.Release|x86.Build.0 = Release|x86
		{6FCD5583-4A2A-4298-8A48-D46FAEFC5D7C}.Debug|x64.ActiveCfg = Debug|x64
		{6FCD5583-4A2A-4298-8A48-D46FAEFC5D7C}.Debug|x64.Build.0 = Debug|x64
		{6FCD5583-4A2A-4298-8A48-D46FAEFC5D7C}.Debug|x86.ActiveCfg = Debug|x86
		{6FCD5583-4A2A-4298-8A48-D46FAEFC5D7C}.Debug|x86.Build.0 = Debug|x86
		{6FCD5583-4A2A-4298-8A48-D46FAEFC5D7C}.Release|x64.ActiveCfg = Release|x64
		{6FCD5583-4A2A-4298-8A48-D46FAEFC5D7C}.Release|x64.Build.0 = Release|x64
		{6FCD5583-4A2A-4298-8A48-D46FAEFC5D7C}.Release|x86.ActiveCfg = Release|x86
		{6FCD5583-4A2A-4298-8A48-D46FAEFC5D7C}.Release|x86.Build.0 = Release|x86
		{CE4132A2-2E2F-4F54-B66D-1BAA928D499E}.Debug|x64.ActiveCfg = Debug|x64
		{CE4132A2-2E2F-4F54-B66D-1BAA928D499E}.Debug|x64.Build.0 = Debug|x64
		{CE4132A2-2E2F-4F54-B66D-1BAA928D499E}.Debug|x86.ActiveCfg = Debug|x86
		{CE4132A2-2E2F-4F54-B66D-1BAA928D499E}.Debug|x86.Build.0 = Debug|x86
		{CE4132A2-2E2F-4F54-B66D-1BAA928D499E}.Release|x64.ActiveCfg = Release|x64
		{CE4132A2-2E2F-4F54-B66D-1BAA928D499E}.Release|x64.Build.0 = Release|x64
		{CE4132A2-2E2F-4F54-B66D-1BAA928D499E}.Release|x86.ActiveCfg = Release|x86
		{CE4132A2-2E2F-4F54-B66D-1BAA928D499E}.Release|x86.Build.0 = Release|x86
		{2BC34399-890A-4C37-85A4-3F8D633835B9}.Debug|x64.ActiveCfg = Debug|x64
		{2BC34399-890A-4C37-85A4-3F8D633835B9}.Debug|x64.Build.0 = Debug|x64
		{2BC34399-890A-4C37-85A4-3F8D633835B9}.Debug|x86.ActiveCfg = Debug|x86
		{2BC34399-890A-4C37-85A4-3F8D633835B9}.Debug|x86.Build.0 = Debug|x86
		{2BC34399-890A-4C37-85A4-3F8D633835B9}.Release|x64.ActiveCfg = Release|x64
		{2BC34399-890A-4C37-85A4-3F8D633835B9}.Release|x86.ActiveCfg = Release|x86
		{69B4CC2F-9BBB-DE40-7F29-C0F416AF0222}.Debug|x64.ActiveCfg = Debug|x64
		{69B4CC2F-9BBB-DE40-7F29-C0F416AF0222}.Debug|x64.Build.0 = Debug|x64
		{69B4CC2F-9BBB-DE40-7F29-C0F416AF0222}.Debug|x86.ActiveCfg = Debug|x64
		{69B4CC2F-9BBB-DE40-7F29-C0F416AF0222}.Release|x64.ActiveCfg = Release|x64
		{69B4CC2F-9BBB-DE40-7F29-C0F416AF0222}.Release|x86.ActiveCfg = Release|x64
	EndGlobalSection
	GlobalSection(SolutionProperties) = preSolution
		HideSolutionNode = FALSE
	EndGlobalSection
	GlobalSection(NestedProjects) = preSolution
		{9FA5A4C7-3AA9-420C-9F01-9F1683E36A79} = {44D440EE-4641-44A1-B177-2DD0FDD6FB75}
		{58356A07-425E-4C91-ACB8-17B9286C9417} = {44D440EE-4641-44A1-B177-2DD0FDD6FB75}
		{23224EFA-343B-4C13-AE6E-5D1D8A03007D} = {44D440EE-4641-44A1-B177-2DD0FDD6FB75}
		{1DBD183A-A900-4841-88FE-6258FD472C60} = {44D440EE-4641-44A1-B177-2DD0FDD6FB75}
		{85403900-E545-4122-B1A0-8C30AE0D0F3C} = {44D440EE-4641-44A1-B177-2DD0FDD6FB75}
		{A9272445-616D-4B4F-ACFF-DE6F5591AF63} = {44D440EE-4641-44A1-B177-2DD0FDD6FB75}
		{6FCD5583-4A2A-4298-8A48-D46FAEFC5D7C} = {44D440EE-4641-44A1-B177-2DD0FDD6FB75}
		{2BC34399-890A-4C37-85A4-3F8D633835B9} = {2846C8D3-E679-4D5C-95B4-4CF3E4BF7122}
		{69B4CC2F-9BBB-DE40-7F29-C0F416AF0222} = {2846C8D3-E679-4D5C-95B4-4CF3E4BF7122}
	EndGlobalSection
	GlobalSection(ExtensibilityGlobals) = postSolution
		SolutionGuid = {4558EFAB-BB97-40C0-BF67-4380356C931B}
	EndGlobalSection
EndGlobal
