Microsoft Visual Studio Solution File, Format Version 8.00
Project("{F184B08F-C81C-45F6-A57F-5ABD9991F28F}") = "EVO_Kern", "EVO_KERN\EVO_Kern.vbproj", "{58356A07-425E-4C91-ACB8-17B9286C9417}"
	ProjectSection(ProjectDependencies) = postProject
	EndProjectSection
EndProject
Project("{F184B08F-C81C-45F6-A57F-5ABD9991F28F}") = "Anwendung", "EVO_Anwendung\Anwendung.vbproj", "{FF1D5494-1205-4F3E-BD65-ADB8C6BD04D4}"
	ProjectSection(ProjectDependencies) = postProject
		{64F462D3-9702-4709-9D90-4874A1D9A52B} = {64F462D3-9702-4709-9D90-4874A1D9A52B}
	EndProjectSection
EndProject
Project("{F184B08F-C81C-45F6-A57F-5ABD9991F28F}") = "EVO_Form", "EVO_FORM\EVO_Form.vbproj", "{64F462D3-9702-4709-9D90-4874A1D9A52B}"
	ProjectSection(ProjectDependencies) = postProject
	EndProjectSection
EndProject
Global
	GlobalSection(SolutionConfiguration) = preSolution
		Debug = Debug
		Release = Release
	EndGlobalSection
	GlobalSection(ProjectConfiguration) = postSolution
		{58356A07-425E-4C91-ACB8-17B9286C9417}.Debug.ActiveCfg = Debug|.NET
		{58356A07-425E-4C91-ACB8-17B9286C9417}.Debug.Build.0 = Debug|.NET
		{58356A07-425E-4C91-ACB8-17B9286C9417}.Release.ActiveCfg = Release|.NET
		{58356A07-425E-4C91-ACB8-17B9286C9417}.Release.Build.0 = Release|.NET
		{FF1D5494-1205-4F3E-BD65-ADB8C6BD04D4}.Debug.ActiveCfg = Debug|.NET
		{FF1D5494-1205-4F3E-BD65-ADB8C6BD04D4}.Debug.Build.0 = Debug|.NET
		{FF1D5494-1205-4F3E-BD65-ADB8C6BD04D4}.Release.ActiveCfg = Release|.NET
		{FF1D5494-1205-4F3E-BD65-ADB8C6BD04D4}.Release.Build.0 = Release|.NET
		{64F462D3-9702-4709-9D90-4874A1D9A52B}.Debug.ActiveCfg = Debug|.NET
		{64F462D3-9702-4709-9D90-4874A1D9A52B}.Debug.Build.0 = Debug|.NET
		{64F462D3-9702-4709-9D90-4874A1D9A52B}.Release.ActiveCfg = Release|.NET
		{64F462D3-9702-4709-9D90-4874A1D9A52B}.Release.Build.0 = Release|.NET
	EndGlobalSection
	GlobalSection(ExtensibilityGlobals) = postSolution
	EndGlobalSection
	GlobalSection(ExtensibilityAddIns) = postSolution
	EndGlobalSection
EndGlobal
