
Microsoft Visual Studio Solution File, Format Version 10.00
# Visual Studio 2008
Project("{FAE04EC0-301F-11D3-BF4B-00C04F79EFBC}") = "DDS_C_Sharp", "DDS_C_Sharp.csproj", "{9FA5A4C7-3AA9-420C-9F01-9F1683E36A79}"
EndProject
Global
	GlobalSection(SolutionConfigurationPlatforms) = preSolution
		Debug|Any CPU = Debug|Any CPU
		Release|Any CPU = Release|Any CPU
	EndGlobalSection
	GlobalSection(ProjectConfigurationPlatforms) = postSolution
		{9FA5A4C7-3AA9-420C-9F01-9F1683E36A79}.Debug|Any CPU.ActiveCfg = Debug|Any CPU
		{9FA5A4C7-3AA9-420C-9F01-9F1683E36A79}.Debug|Any CPU.Build.0 = Debug|Any CPU
		{9FA5A4C7-3AA9-420C-9F01-9F1683E36A79}.Release|Any CPU.ActiveCfg = Release|Any CPU
		{9FA5A4C7-3AA9-420C-9F01-9F1683E36A79}.Release|Any CPU.Build.0 = Release|Any CPU
	EndGlobalSection
	GlobalSection(SolutionProperties) = preSolution
		HideSolutionNode = FALSE
	EndGlobalSection
EndGlobal
